<?xml version="1.0" encoding="utf-8"?>
<Project ToolsVersion="4.0" xmlns="http://schemas.microsoft.com/developer/msbuild/2003">
  <ItemGroup>
    <Filter Include="Source Files">
      <UniqueIdentifier>{4FC737F1-C7A5-4376-A066-2A32D752A2FF}</UniqueIdentifier>
      <Extensions>cpp;c;cc;cxx;c++;cppm;ixx;def;odl;idl;hpj;bat;asm;asmx</Extensions>
    </Filter>
    <Filter Include="Header Files">
      <UniqueIdentifier>{93995380-89BD-4b04-88EB-625FBE52EBFB}</UniqueIdentifier>
      <Extensions>h;hh;hpp;hxx;h++;hm;inl;inc;ipp;xsd</Extensions>
    </Filter>
    <Filter Include="Resource Files">
      <UniqueIdentifier>{67DA6AB6-F800-4c08-8B7A-83BB121AAD01}</UniqueIdentifier>
      <Extensions>rc;ico;cur;bmp;dlg;rc2;rct;bin;rgs;gif;jpg;jpeg;jpe;resx;tiff;tif;png;wav;mfcribbon-ms</Extensions>
    </Filter>
  </ItemGroup>
  <ItemGroup>
    <ClInclude Include="Core\Graphics\Core\CGBuffer.h">
      <Filter>Header Files</Filter>
    </ClInclude>
    <ClInclude Include="Core\Graphics\Core\CGDepthStencilView.h">
      <Filter>Header Files</Filter>
    </ClInclude>
    <ClInclude Include="Core\Graphics\Core\CGRenderTargetView.h">
      <Filter>Header Files</Filter>
    </ClInclude>
    <ClInclude Include="Core\Graphics\Core\CGResource.h">
      <Filter>Header Files</Filter>
    </ClInclude>
    <ClInclude Include="Core\Graphics\Core\CGShaderResourceView.h">
      <Filter>Header Files</Filter>
    </ClInclude>
    <ClInclude Include="Core\Graphics\Core\CGTexture.h">
      <Filter>Header Files</Filter>
    </ClInclude>
    <ClInclude Include="Core\Graphics\Core\CGUnorderedAccessView.h">
      <Filter>Header Files</Filter>
    </ClInclude>
    <ClInclude Include="Core\Graphics\Core\CGView.h">
      <Filter>Header Files</Filter>
    </ClInclude>
    <ClInclude Include="Core\Graphics\Core\Core.h">
      <Filter>Header Files</Filter>
    </ClInclude>
    <ClInclude Include="Core\Graphics\Font\DLFontData.h">
      <Filter>Header Files</Filter>
    </ClInclude>
    <ClInclude Include="Core\Graphics\Font\DLFontDataCCM2.h">
      <Filter>Header Files</Filter>
    </ClInclude>
    <ClInclude Include="Core\Graphics\Font\DLFontRenderer.h">
      <Filter>Header Files</Filter>
    </ClInclude>
    <ClInclude Include="Core\Graphics\DLDeviceContext.h">
      <Filter>Header Files</Filter>
    </ClInclude>
    <ClInclude Include="Core\Graphics\DLDrawContextDefines.h">
      <Filter>Header Files</Filter>
    </ClInclude>
    <ClInclude Include="Core\Graphics\DLDrawDevice.h">
      <Filter>Header Files</Filter>
    </ClInclude>
    <ClInclude Include="Core\Graphics\DLGfxReferenceCountObject.h">
      <Filter>Header Files</Filter>
    </ClInclude>
    <ClInclude Include="Core\Graphics\DLGPUResource.h">
      <Filter>Header Files</Filter>
    </ClInclude>
    <ClInclude Include="Core\Graphics\DLIndexBuffer.h">
      <Filter>Header Files</Filter>
    </ClInclude>
    <ClInclude Include="Core\Graphics\DLQuery.h">
      <Filter>Header Files</Filter>
    </ClInclude>
    <ClInclude Include="Core\Graphics\DLSDObjectFactory.h">
      <Filter>Header Files</Filter>
    </ClInclude>
    <ClInclude Include="Core\Graphics\DLShader.h">
      <Filter>Header Files</Filter>
    </ClInclude>
    <ClInclude Include="Core\Graphics\DLSurface.h">
      <Filter>Header Files</Filter>
    </ClInclude>
    <ClInclude Include="Core\Graphics\DLTexture.h">
      <Filter>Header Files</Filter>
    </ClInclude>
    <ClInclude Include="Core\Graphics\DLVertexBuffer.h">
      <Filter>Header Files</Filter>
    </ClInclude>
    <ClInclude Include="Core\Graphics\DLVertexDeclaration.h">
      <Filter>Header Files</Filter>
    </ClInclude>
    <ClInclude Include="Core\Graphics\DLVertexTypes.h">
      <Filter>Header Files</Filter>
    </ClInclude>
    <ClInclude Include="Core\Graphics\Graphics.h">
      <Filter>Header Files</Filter>
    </ClInclude>
    <ClInclude Include="Core\Kernel\detail\DLAllocationHelper.h">
      <Filter>Header Files</Filter>
    </ClInclude>
    <ClInclude Include="Core\Kernel\DLAllocator.h">
      <Filter>Header Files</Filter>
    </ClInclude>
    <ClInclude Include="Core\Kernel\DLAtomicInt.h">
      <Filter>Header Files</Filter>
    </ClInclude>
    <ClInclude Include="Core\Kernel\DLBackAllocator.h">
      <Filter>Header Files</Filter>
    </ClInclude>
    <ClInclude Include="Core\Kernel\DLBiHeap.h">
      <Filter>Header Files</Filter>
    </ClInclude>
    <ClInclude Include="Core\Kernel\DLConditionSignal.h">
      <Filter>Header Files</Filter>
    </ClInclude>
    <ClInclude Include="Core\Kernel\DLDebugAllocator.h">
      <Filter>Header Files</Filter>
    </ClInclude>
    <ClInclude Include="Core\Kernel\DLDummySyncObject.h">
      <Filter>Header Files</Filter>
    </ClInclude>
    <ClInclude Include="Core\Kernel\DLEventSignal.h">
      <Filter>Header Files</Filter>
    </ClInclude>
    <ClInclude Include="Core\Kernel\DLHeapCapability.h">
      <Filter>Header Files</Filter>
    </ClInclude>
    <ClInclude Include="Core\Kernel\DLHeapIdentifier.h">
      <Filter>Header Files</Filter>
    </ClInclude>
    <ClInclude Include="Core\Kernel\DLLightMutex.h">
      <Filter>Header Files</Filter>
    </ClInclude>
    <ClInclude Include="Core\Kernel\DLMultiThreadingPolicy.h">
      <Filter>Header Files</Filter>
    </ClInclude>
    <ClInclude Include="Core\Kernel\DLMutex.h">
      <Filter>Header Files</Filter>
    </ClInclude>
    <ClInclude Include="Core\Kernel\DLNew.h">
      <Filter>Header Files</Filter>
    </ClInclude>
    <ClInclude Include="Core\Kernel\DLReadWriteLock.h">
      <Filter>Header Files</Filter>
    </ClInclude>
    <ClInclude Include="Core\Kernel\DLRegularHeap.h">
      <Filter>Header Files</Filter>
    </ClInclude>
    <ClInclude Include="Core\Kernel\DLRobustHeap.h">
      <Filter>Header Files</Filter>
    </ClInclude>
    <ClInclude Include="Core\Kernel\DLRunnable.h">
      <Filter>Header Files</Filter>
    </ClInclude>
    <ClInclude Include="Core\Kernel\DLSemaphore.h">
      <Filter>Header Files</Filter>
    </ClInclude>
    <ClInclude Include="Core\Kernel\DLSingleSignal.h">
      <Filter>Header Files</Filter>
    </ClInclude>
    <ClInclude Include="Core\Kernel\DLSingleThreadingPolicy.h">
      <Filter>Header Files</Filter>
    </ClInclude>
    <ClInclude Include="Core\Kernel\DLSyncObject.h">
      <Filter>Header Files</Filter>
    </ClInclude>
    <ClInclude Include="Core\Kernel\DLThread.h">
      <Filter>Header Files</Filter>
    </ClInclude>
    <ClInclude Include="Core\Kernel\DLWin32RuntimeHeapImpl.h">
      <Filter>Header Files</Filter>
    </ClInclude>
    <ClInclude Include="Core\Kernel\Kernel.h">
      <Filter>Header Files</Filter>
    </ClInclude>
    <ClInclude Include="Core\Kernel\SyncObjects.h">
      <Filter>Header Files</Filter>
    </ClInclude>
    <ClInclude Include="Core\Kernel\SyncTraits.h">
      <Filter>Header Files</Filter>
    </ClInclude>
    <ClInclude Include="Core\Kernel\Types.h">
      <Filter>Header Files</Filter>
    </ClInclude>
    <ClInclude Include="Core\Logging\DLAppender.h">
      <Filter>Header Files</Filter>
    </ClInclude>
    <ClInclude Include="Core\Logging\DLCategory.h">
      <Filter>Header Files</Filter>
    </ClInclude>
    <ClInclude Include="Core\Logging\DLCategoryRepository.h">
      <Filter>Header Files</Filter>
    </ClInclude>
    <ClInclude Include="Core\Logging\DLHierarchy.h">
      <Filter>Header Files</Filter>
    </ClInclude>
    <ClInclude Include="Core\Logging\DLLayout.h">
      <Filter>Header Files</Filter>
    </ClInclude>
    <ClInclude Include="Core\Logging\DLLogEvent.h">
      <Filter>Header Files</Filter>
    </ClInclude>
    <ClInclude Include="Core\Logging\DLLogger.h">
      <Filter>Header Files</Filter>
    </ClInclude>
    <ClInclude Include="Core\Logging\DLLoggingConfiguration.h">
      <Filter>Header Files</Filter>
    </ClInclude>
    <ClInclude Include="Core\Logging\DLLoggingStrategy.h">
      <Filter>Header Files</Filter>
    </ClInclude>
    <ClInclude Include="Core\Logging\DLLogManager.h">
      <Filter>Header Files</Filter>
    </ClInclude>
    <ClInclude Include="Core\Logging\DLLogManagerImpl.h">
      <Filter>Header Files</Filter>
    </ClInclude>
    <ClInclude Include="Core\Logging\Logging.h">
      <Filter>Header Files</Filter>
    </ClInclude>
    <ClInclude Include="Core\Math\DLColor.h">
      <Filter>Header Files</Filter>
    </ClInclude>
    <ClInclude Include="Core\Math\DLMatrix.h">
      <Filter>Header Files</Filter>
    </ClInclude>
    <ClInclude Include="Core\Math\DLQuaternion.h">
      <Filter>Header Files</Filter>
    </ClInclude>
    <ClInclude Include="Core\Math\DLVector.h">
      <Filter>Header Files</Filter>
    </ClInclude>
    <ClInclude Include="Core\Math\Math.h">
      <Filter>Header Files</Filter>
    </ClInclude>
    <ClInclude Include="Core\Network\NRExternalVoiceListener\NRExternalVoiceListener.h">
      <Filter>Header Files</Filter>
    </ClInclude>
    <ClInclude Include="Core\Network\NRServerInfo\NRServerInfo.h">
      <Filter>Header Files</Filter>
    </ClInclude>
    <ClInclude Include="Core\Network\OnlineIDData\OnlineIDData.h">
      <Filter>Header Files</Filter>
    </ClInclude>
    <ClInclude Include="Core\Network\OnlineIDData\SteamOnlineIDData.h">
      <Filter>Header Files</Filter>
    </ClInclude>
    <ClInclude Include="Core\Network\PlayerData\PlayerData.h">
      <Filter>Header Files</Filter>
    </ClInclude>
    <ClInclude Include="Core\Network\PlayerData\SteamPlayerData.h">
      <Filter>Header Files</Filter>
    </ClInclude>
    <ClInclude Include="Core\Network\Network.h">
      <Filter>Header Files</Filter>
    </ClInclude>
    <ClInclude Include="Core\Platform\Spec\win_32.h">
      <Filter>Header Files</Filter>
    </ClInclude>
    <ClInclude Include="Core\Platform\GeneralUtility.h">
      <Filter>Header Files</Filter>
    </ClInclude>
    <ClInclude Include="Core\Platform\Platform.h">
      <Filter>Header Files</Filter>
    </ClInclude>
    <ClInclude Include="Core\Reflection\detail\MightyType.h">
      <Filter>Header Files</Filter>
    </ClInclude>
    <ClInclude Include="Core\Reflection\DLAbstractInvokeContext.h">
      <Filter>Header Files</Filter>
    </ClInclude>
    <ClInclude Include="Core\Reflection\DLConcreteMethodInvoker.h">
      <Filter>Header Files</Filter>
    </ClInclude>
    <ClInclude Include="Core\Reflection\DLDynamicPtr.h">
      <Filter>Header Files</Filter>
    </ClInclude>
    <ClInclude Include="Core\Reflection\DLMethodInvokeContext.h">
      <Filter>Header Files</Filter>
    </ClInclude>
    <ClInclude Include="Core\Reflection\DLParameterInfo.h">
      <Filter>Header Files</Filter>
    </ClInclude>
    <ClInclude Include="Core\Reflection\DLRuntimeClass.h">
      <Filter>Header Files</Filter>
    </ClInclude>
    <ClInclude Include="Core\Reflection\DLTypeID.h">
      <Filter>Header Files</Filter>
    </ClInclude>
    <ClInclude Include="Core\Reflection\Reflection.h">
      <Filter>Header Files</Filter>
    </ClInclude>
    <ClInclude Include="Core\Resource\detail\CacheableFileLoader.h">
      <Filter>Header Files</Filter>
    </ClInclude>
    <ClInclude Include="Core\Resource\detail\FileLoader.h">
      <Filter>Header Files</Filter>
    </ClInclude>
    <ClInclude Include="Core\Resource\detail\FileTransferTask.h">
      <Filter>Header Files</Filter>
    </ClInclude>
    <ClInclude Include="Core\Resource\detail\TransferTask.h">
      <Filter>Header Files</Filter>
    </ClInclude>
    <ClInclude Include="Core\Resource\DLResourceFileHandle.h">
      <Filter>Header Files</Filter>
    </ClInclude>
    <ClInclude Include="Core\Resource\DLResourceFileLoadEvent.h">
      <Filter>Header Files</Filter>
    </ClInclude>
    <ClInclude Include="Core\Resource\DLResourceFileLoadEventQueue.h">
      <Filter>Header Files</Filter>
    </ClInclude>
    <ClInclude Include="Core\Resource\DLResourceHandle.h">
      <Filter>Header Files</Filter>
    </ClInclude>
    <ClInclude Include="Core\Resource\DLResourceLoadEvent.h">
      <Filter>Header Files</Filter>
    </ClInclude>
    <ClInclude Include="Core\Resource\DLResourceLoadEventQueue.h">
      <Filter>Header Files</Filter>
    </ClInclude>
    <ClInclude Include="Core\Resource\Resource.h">
      <Filter>Header Files</Filter>
    </ClInclude>
    <ClInclude Include="Core\System\DLAssertEventManager.h">
      <Filter>Header Files</Filter>
    </ClInclude>
    <ClInclude Include="Core\System\DLRealTimeServiceManager.h">
      <Filter>Header Files</Filter>
    </ClInclude>
    <ClInclude Include="Core\System\DLRuntime.h">
      <Filter>Header Files</Filter>
    </ClInclude>
    <ClInclude Include="Core\System\DLStdInputStream.h">
      <Filter>Header Files</Filter>
    </ClInclude>
    <ClInclude Include="Core\System\DLStdOutputStream.h">
      <Filter>Header Files</Filter>
    </ClInclude>
    <ClInclude Include="Core\System\System.h">
      <Filter>Header Files</Filter>
    </ClInclude>
    <ClInclude Include="Core\Text\DLCharSet.h">
      <Filter>Header Files</Filter>
    </ClInclude>
    <ClInclude Include="Core\Text\DLFormat.h">
      <Filter>Header Files</Filter>
    </ClInclude>
    <ClInclude Include="Core\Text\DLStringUtil.h">
      <Filter>Header Files</Filter>
    </ClInclude>
    <ClInclude Include="Core\Text\Text.h">
      <Filter>Header Files</Filter>
    </ClInclude>
    <ClInclude Include="Core\UserInput\details\DynamicBitset.h">
      <Filter>Header Files</Filter>
    </ClInclude>
    <ClInclude Include="Core\UserInput\details\UserInputExtension.h">
      <Filter>Header Files</Filter>
    </ClInclude>
    <ClInclude Include="Core\UserInput\details\VirtualInputData.h">
      <Filter>Header Files</Filter>
    </ClInclude>
    <ClInclude Include="Core\UserInput\DLUserInputDeviceOutputInterface.h">
      <Filter>Header Files</Filter>
    </ClInclude>
    <ClInclude Include="Core\UserInput\DLUserInputDeviceRumbleInterface.h">
      <Filter>Header Files</Filter>
    </ClInclude>
    <ClInclude Include="Core\UserInput\UserInput.h">
      <Filter>Header Files</Filter>
    </ClInclude>
    <ClInclude Include="Core\Util\DLDateTime.h">
      <Filter>Header Files</Filter>
    </ClInclude>
    <ClInclude Include="Core\Util\DLDeque.h">
      <Filter>Header Files</Filter>
    </ClInclude>
    <ClInclude Include="Core\Util\DLEmptyType.h">
      <Filter>Header Files</Filter>
    </ClInclude>
    <ClInclude Include="Core\Util\DLFunctor.h">
      <Filter>Header Files</Filter>
    </ClInclude>
    <ClInclude Include="Core\Util\DLLifeCycleAdapter.h">
      <Filter>Header Files</Filter>
    </ClInclude>
    <ClInclude Include="Core\Util\DLList.h">
      <Filter>Header Files</Filter>
    </ClInclude>
    <ClInclude Include="Core\Util\DLMap.h">
      <Filter>Header Files</Filter>
    </ClInclude>
    <ClInclude Include="Core\Util\DLMemFunHandler.h">
      <Filter>Header Files</Filter>
    </ClInclude>
    <ClInclude Include="Core\Util\DLNonCopyable.h">
      <Filter>Header Files</Filter>
    </ClInclude>
    <ClInclude Include="Core\Util\DLNullType.h">
      <Filter>Header Files</Filter>
    </ClInclude>
    <ClInclude Include="Core\Util\DLProperties.h">
      <Filter>Header Files</Filter>
    </ClInclude>
    <ClInclude Include="Core\Util\DLReferenceCountObject.h">
      <Filter>Header Files</Filter>
    </ClInclude>
    <ClInclude Include="Core\Util\DLSet.h">
      <Filter>Header Files</Filter>
    </ClInclude>
    <ClInclude Include="Core\Util\DLTypeManipulation.h">
      <Filter>Header Files</Filter>
    </ClInclude>
    <ClInclude Include="Core\Util\DLVector.h">
      <Filter>Header Files</Filter>
    </ClInclude>
    <ClInclude Include="Core\Util\Util.h">
      <Filter>Header Files</Filter>
    </ClInclude>
    <ClInclude Include="dantelion2.h">
      <Filter>Header Files</Filter>
    </ClInclude>
    <ClInclude Include="FRPG2Call.h">
      <Filter>Header Files</Filter>
    </ClInclude>
    <ClInclude Include="Globals.h">
      <Filter>Header Files</Filter>
    </ClInclude>
  </ItemGroup>
  <ItemGroup>
    <ClCompile Include="Core\Graphics\Core\CGShaderResourceView.cpp">
      <Filter>Source Files</Filter>
    </ClCompile>
    <ClCompile Include="Core\Graphics\Core\CGTexture.cpp">
      <Filter>Source Files</Filter>
    </ClCompile>
    <ClCompile Include="Core\Graphics\Font\DLFontData.cpp">
      <Filter>Source Files</Filter>
    </ClCompile>
    <ClCompile Include="Core\Graphics\DLDeviceContext.cpp">
      <Filter>Source Files</Filter>
    </ClCompile>
    <ClCompile Include="Core\Graphics\DLTexture.cpp">
      <Filter>Source Files</Filter>
    </ClCompile>
    <ClCompile Include="Core\Graphics\DLVertexTypes.cpp">
      <Filter>Source Files</Filter>
    </ClCompile>
    <ClCompile Include="Core\Kernel\DLAllocator.cpp">
      <Filter>Source Files</Filter>
    </ClCompile>
    <ClCompile Include="Core\Kernel\DLNew.cpp">
      <Filter>Source Files</Filter>
    </ClCompile>
    <ClCompile Include="Core\Kernel\DLSyncObject.cpp">
      <Filter>Source Files</Filter>
    </ClCompile>
    <ClCompile Include="Core\Logging\DLAppender.cpp">
      <Filter>Source Files</Filter>
    </ClCompile>
    <ClCompile Include="Core\Logging\DLCategory.cpp">
      <Filter>Source Files</Filter>
    </ClCompile>
    <ClCompile Include="Core\Logging\DLCategoryRepository.cpp">
      <Filter>Source Files</Filter>
    </ClCompile>
    <ClCompile Include="Core\Logging\DLHierarchy.cpp">
      <Filter>Source Files</Filter>
    </ClCompile>
    <ClCompile Include="Core\Logging\DLLogEvent.cpp">
      <Filter>Source Files</Filter>
    </ClCompile>
    <ClCompile Include="Core\Logging\DLLogger.cpp">
      <Filter>Source Files</Filter>
    </ClCompile>
    <ClCompile Include="Core\Logging\DLLogManager.cpp">
      <Filter>Source Files</Filter>
    </ClCompile>
    <ClCompile Include="Core\Logging\DLLogManagerImpl.cpp">
      <Filter>Source Files</Filter>
    </ClCompile>
    <ClCompile Include="Core\Math\DLMatrix.cpp">
      <Filter>Source Files</Filter>
    </ClCompile>
    <ClCompile Include="Core\Math\DLQuaternion.cpp">
      <Filter>Source Files</Filter>
    </ClCompile>
    <ClCompile Include="Core\Platform\GeneralUtility.cpp">
      <Filter>Source Files</Filter>
    </ClCompile>
    <ClCompile Include="Core\Reflection\DLRuntimeClass.cpp">
      <Filter>Source Files</Filter>
    </ClCompile>
    <ClCompile Include="Core\Resource\detail\FileLoader.cpp">
      <Filter>Source Files</Filter>
    </ClCompile>
    <ClCompile Include="Core\Resource\detail\TransferTask.cpp">
      <Filter>Source Files</Filter>
    </ClCompile>
    <ClCompile Include="Core\Resource\DLResourceFileLoadEvent.cpp">
      <Filter>Source Files</Filter>
    </ClCompile>
    <ClCompile Include="Core\Resource\DLResourceFileLoadEventQueue.cpp">
      <Filter>Source Files</Filter>
    </ClCompile>
    <ClCompile Include="Core\Resource\DLResourceLoadEvent.cpp">
      <Filter>Source Files</Filter>
    </ClCompile>
    <ClCompile Include="Core\System\DLRuntime.cpp">
      <Filter>Source Files</Filter>
    </ClCompile>
    <ClCompile Include="Core\Text\DLFormat.cpp">
      <Filter>Source Files</Filter>
    </ClCompile>
    <ClCompile Include="Core\Text\DLStringUtil.cpp">
      <Filter>Source Files</Filter>
    </ClCompile>
    <ClCompile Include="Core\Util\DLProperties.cpp">
      <Filter>Source Files</Filter>
    </ClCompile>
    <ClCompile Include="Core\Util\DLReferenceCountObject.cpp">
      <Filter>Source Files</Filter>
    </ClCompile>
  </ItemGroup>
  <ItemGroup>
    <None Include="Core\Kernel\detail\HeapAllocator.inl">
      <Filter>Header Files</Filter>
    </None>
    <None Include="Core\Kernel\DLBiHeapStrategy.inl">
      <Filter>Header Files</Filter>
    </None>
    <None Include="Core\Kernel\DLDefaultHeapStrategy.inl">
      <Filter>Header Files</Filter>
    </None>
    <None Include="Core\Kernel\DLDynamicHeap.inl">
      <Filter>Header Files</Filter>
    </None>
    <None Include="Core\Kernel\DLSmallObjectWrapper.inl">
      <Filter>Header Files</Filter>
    </None>
    <None Include="Core\Kernel\DLStdAllocator.inl">
      <Filter>Header Files</Filter>
    </None>
    <None Include="Core\Logging\DLLogLevel.inl">
      <Filter>Header Files</Filter>
    </None>
    <None Include="Core\Reflection\DLMethodInvoker.inl">
      <Filter>Header Files</Filter>
    </None>
    <None Include="Core\Reflection\DLMethodResolver.inl">
      <Filter>Header Files</Filter>
    </None>
    <None Include="Core\Reflection\DLRuntimeClassImpl.inl">
      <Filter>Header Files</Filter>
    </None>
    <None Include="Core\System\detail\DLStdStreamAdapter.inl">
      <Filter>Header Files</Filter>
    </None>
    <None Include="Core\Text\DLString.inl">
      <Filter>Header Files</Filter>
    </None>
    <None Include="Core\UserInput\details\DLUserInputDeviceImpl.inl">
      <Filter>Header Files</Filter>
    </None>
    <None Include="Core\UserInput\details\DLUserInputMapperImpl.inl">
      <Filter>Header Files</Filter>
    </None>
    <None Include="Core\UserInput\details\DLUserInputTraitsImpl.inl">
      <Filter>Header Files</Filter>
    </None>
    <None Include="Core\UserInput\details\DummyDevice.inl">
      <Filter>Header Files</Filter>
    </None>
    <None Include="Core\UserInput\details\KeyboardDevice.inl">
      <Filter>Header Files</Filter>
    </None>
    <None Include="Core\UserInput\details\MouseDevice.inl">
      <Filter>Header Files</Filter>
    </None>
    <None Include="Core\UserInput\details\PadDevice.inl">
      <Filter>Header Files</Filter>
    </None>
    <None Include="Core\UserInput\DLUserInputDevice.inl">
      <Filter>Header Files</Filter>
    </None>
    <None Include="Core\UserInput\DLUserInputMapper.inl">
      <Filter>Header Files</Filter>
    </None>
    <None Include="Core\UserInput\DLUserInputTraits.inl">
      <Filter>Header Files</Filter>
    </None>
    <None Include="packages.config" />
  </ItemGroup>
</Project>